// !$*UTF8*$!
{
	archiveVersion = 1;
	classes = {
	};
	objectVersion = 56;
	objects = {

/* Begin PBXBuildFile section */
		0A6DEBB72B96021F0062F54C /* SortState.swift in Sources */ = {isa = PBXBuildFile; fileRef = 0A6DEBB62B96021F0062F54C /* SortState.swift */; };
		0A6DEBB92B963BD20062F54C /* PrivacyView.swift in Sources */ = {isa = PBXBuildFile; fileRef = 0A6DEBB82B963BD20062F54C /* PrivacyView.swift */; };
		0A6DEBBD2B978B3F0062F54C /* UIView+Extension.swift in Sources */ = {isa = PBXBuildFile; fileRef = 0A6DEBBC2B978B3F0062F54C /* UIView+Extension.swift */; };
		0A6DEBC12B97D5240062F54C /* ViewState.swift in Sources */ = {isa = PBXBuildFile; fileRef = 0A6DEBC02B97D5240062F54C /* ViewState.swift */; };
		0A6DEBC32B99AB330062F54C /* Memento.swift in Sources */ = {isa = PBXBuildFile; fileRef = 0A6DEBC22B99AB330062F54C /* Memento.swift */; };
		0A6DEBC52B99ABD80062F54C /* LoginPassword.swift in Sources */ = {isa = PBXBuildFile; fileRef = 0A6DEBC42B99ABD80062F54C /* LoginPassword.swift */; };
		0A6DEBC72B99ADA80062F54C /* UserDefaultWrapper.swift in Sources */ = {isa = PBXBuildFile; fileRef = 0A6DEBC62B99ADA80062F54C /* UserDefaultWrapper.swift */; };
		0A6DEBC92B9A0B510062F54C /* StorageService.swift in Sources */ = {isa = PBXBuildFile; fileRef = 0A6DEBC82B9A0B510062F54C /* StorageService.swift */; };
		0A6DEBCB2B9A4C570062F54C /* StorageKeys.swift in Sources */ = {isa = PBXBuildFile; fileRef = 0A6DEBCA2B9A4C570062F54C /* StorageKeys.swift */; };
		0A6DEBCE2B9A4FE20062F54C /* ImagePicker.swift in Sources */ = {isa = PBXBuildFile; fileRef = 0A6DEBCD2B9A4FE20062F54C /* ImagePicker.swift */; };
		0A6DEBD92BA092020062F54C /* NetworkService.swift in Sources */ = {isa = PBXBuildFile; fileRef = 0A6DEBD82BA092020062F54C /* NetworkService.swift */; };
		0A6DEBDB2BA099160062F54C /* CategoriesDTO.swift in Sources */ = {isa = PBXBuildFile; fileRef = 0A6DEBDA2BA099160062F54C /* CategoriesDTO.swift */; };
		0A6DEBDD2BA0AF550062F54C /* HitDTO.swift in Sources */ = {isa = PBXBuildFile; fileRef = 0A6DEBDC2BA0AF550062F54C /* HitDTO.swift */; };
		0A6DEBDF2BA0AF630062F54C /* RecipeDTO.swift in Sources */ = {isa = PBXBuildFile; fileRef = 0A6DEBDE2BA0AF630062F54C /* RecipeDTO.swift */; };
		0A6DEBE22BA0B19D0062F54C /* RecipeCard.swift in Sources */ = {isa = PBXBuildFile; fileRef = 0A6DEBE12BA0B19D0062F54C /* RecipeCard.swift */; };
		0A6DEBE52BA0CE600062F54C /* NetworkError.swift in Sources */ = {isa = PBXBuildFile; fileRef = 0A6DEBE42BA0CE600062F54C /* NetworkError.swift */; };
		0A6DEBE92BA0DFCA0062F54C /* ImageDTO.swift in Sources */ = {isa = PBXBuildFile; fileRef = 0A6DEBE82BA0DFCA0062F54C /* ImageDTO.swift */; };
		0A6DEBEB2BA0E1000062F54C /* RegularImageDTO.swift in Sources */ = {isa = PBXBuildFile; fileRef = 0A6DEBEA2BA0E1000062F54C /* RegularImageDTO.swift */; };
		0A6DEBED2BA0E2590062F54C /* TotalNutrientsDTO.swift in Sources */ = {isa = PBXBuildFile; fileRef = 0A6DEBEC2BA0E2590062F54C /* TotalNutrientsDTO.swift */; };
		0A6DEBEF2BA0E3650062F54C /* NutrientDTO.swift in Sources */ = {isa = PBXBuildFile; fileRef = 0A6DEBEE2BA0E3650062F54C /* NutrientDTO.swift */; };
		0A6DEBF12BA0E4C30062F54C /* RecipeDetails.swift in Sources */ = {isa = PBXBuildFile; fileRef = 0A6DEBF02BA0E4C30062F54C /* RecipeDetails.swift */; };
		0A6FB7BF2BA3444D00601A94 /* CacheProxy.swift in Sources */ = {isa = PBXBuildFile; fileRef = 0A6FB7BE2BA3444D00601A94 /* CacheProxy.swift */; };
		0A6FB7C12BA3766300601A94 /* RecipeSkeletonCell.swift in Sources */ = {isa = PBXBuildFile; fileRef = 0A6FB7C02BA3766300601A94 /* RecipeSkeletonCell.swift */; };
		0A6FB7C32BA37C5400601A94 /* RecipeNoDataCell.swift in Sources */ = {isa = PBXBuildFile; fileRef = 0A6FB7C22BA37C5400601A94 /* RecipeNoDataCell.swift */; };
		0A6FB7C52BA3831C00601A94 /* RecipeErrorCell.swift in Sources */ = {isa = PBXBuildFile; fileRef = 0A6FB7C42BA3831C00601A94 /* RecipeErrorCell.swift */; };
		0A6FB7C72BA38E5B00601A94 /* DetailsSkeletonCell.swift in Sources */ = {isa = PBXBuildFile; fileRef = 0A6FB7C62BA38E5B00601A94 /* DetailsSkeletonCell.swift */; };
		0A85210D2B8CB1D4002BCE50 /* AppDelegate.swift in Sources */ = {isa = PBXBuildFile; fileRef = 0A85210C2B8CB1D4002BCE50 /* AppDelegate.swift */; };
		0A85210F2B8CB1D4002BCE50 /* SceneDelegate.swift in Sources */ = {isa = PBXBuildFile; fileRef = 0A85210E2B8CB1D4002BCE50 /* SceneDelegate.swift */; };
		0A8521112B8CB1D4002BCE50 /* AutorizationView.swift in Sources */ = {isa = PBXBuildFile; fileRef = 0A8521102B8CB1D4002BCE50 /* AutorizationView.swift */; };
		0A8521162B8CB1D5002BCE50 /* Assets.xcassets in Resources */ = {isa = PBXBuildFile; fileRef = 0A8521152B8CB1D5002BCE50 /* Assets.xcassets */; };
		0A8521192B8CB1D5002BCE50 /* LaunchScreen.storyboard in Resources */ = {isa = PBXBuildFile; fileRef = 0A8521172B8CB1D5002BCE50 /* LaunchScreen.storyboard */; };
		0A8521422B8CEF0F002BCE50 /* AppCoordinator.swift in Sources */ = {isa = PBXBuildFile; fileRef = 0A8521412B8CEF0F002BCE50 /* AppCoordinator.swift */; };
		0A8521442B8CF005002BCE50 /* AutorizationCoordinator.swift in Sources */ = {isa = PBXBuildFile; fileRef = 0A8521432B8CF005002BCE50 /* AutorizationCoordinator.swift */; };
		0A85214C2B8CFF7C002BCE50 /* ModuleBuilder.swift in Sources */ = {isa = PBXBuildFile; fileRef = 0A85214B2B8CFF7C002BCE50 /* ModuleBuilder.swift */; };
		0A85214E2B8D002C002BCE50 /* AutorizationPresenter.swift in Sources */ = {isa = PBXBuildFile; fileRef = 0A85214D2B8D002C002BCE50 /* AutorizationPresenter.swift */; };
		0A8521532B8D26B5002BCE50 /* ProfileViewController.swift in Sources */ = {isa = PBXBuildFile; fileRef = 0A8521522B8D26B5002BCE50 /* ProfileViewController.swift */; };
		0A8521552B8D271A002BCE50 /* ProfilePresenter.swift in Sources */ = {isa = PBXBuildFile; fileRef = 0A8521542B8D271A002BCE50 /* ProfilePresenter.swift */; };
		0A8521572B8DB45E002BCE50 /* BaseCoordinator.swift in Sources */ = {isa = PBXBuildFile; fileRef = 0A8521562B8DB45E002BCE50 /* BaseCoordinator.swift */; };
		0A8521592B8DB91A002BCE50 /* MainTabBarViewController.swift in Sources */ = {isa = PBXBuildFile; fileRef = 0A8521582B8DB91A002BCE50 /* MainTabBarViewController.swift */; };
		0A85215C2B8DBA97002BCE50 /* ProfileCoordinator.swift in Sources */ = {isa = PBXBuildFile; fileRef = 0A85215B2B8DBA97002BCE50 /* ProfileCoordinator.swift */; };
		0A85215F2B8DC034002BCE50 /* RecipesViewController.swift in Sources */ = {isa = PBXBuildFile; fileRef = 0A85215E2B8DC034002BCE50 /* RecipesViewController.swift */; };
		0A8521612B8DC086002BCE50 /* RecipesPresenter.swift in Sources */ = {isa = PBXBuildFile; fileRef = 0A8521602B8DC086002BCE50 /* RecipesPresenter.swift */; };
		0A8521632B8DC194002BCE50 /* RecipesCoordinator.swift in Sources */ = {isa = PBXBuildFile; fileRef = 0A8521622B8DC194002BCE50 /* RecipesCoordinator.swift */; };
		0A8521662B8DC2F9002BCE50 /* FavoritesPresenter.swift in Sources */ = {isa = PBXBuildFile; fileRef = 0A8521652B8DC2F9002BCE50 /* FavoritesPresenter.swift */; };
		0A8521682B8DC356002BCE50 /* FavoritesViewController.swift in Sources */ = {isa = PBXBuildFile; fileRef = 0A8521672B8DC356002BCE50 /* FavoritesViewController.swift */; };
		0A85216A2B8DC3E5002BCE50 /* FavoritesCoordinator.swift in Sources */ = {isa = PBXBuildFile; fileRef = 0A8521692B8DC3E5002BCE50 /* FavoritesCoordinator.swift */; };
		0A85216C2B8DF9AD002BCE50 /* UserInfoViewCell.swift in Sources */ = {isa = PBXBuildFile; fileRef = 0A85216B2B8DF9AD002BCE50 /* UserInfoViewCell.swift */; };
		0A85216E2B8DFE7D002BCE50 /* UserInfo.swift in Sources */ = {isa = PBXBuildFile; fileRef = 0A85216D2B8DFE7D002BCE50 /* UserInfo.swift */; };
		0A8521712B8E0031002BCE50 /* InfoSource.swift in Sources */ = {isa = PBXBuildFile; fileRef = 0A8521702B8E0031002BCE50 /* InfoSource.swift */; };
		0A8521732B8E1B7C002BCE50 /* ProfileFieldsViewCell.swift in Sources */ = {isa = PBXBuildFile; fileRef = 0A8521722B8E1B7C002BCE50 /* ProfileFieldsViewCell.swift */; };
		0A8521772B8E9A5B002BCE50 /* ProfileBonusesPresenter.swift in Sources */ = {isa = PBXBuildFile; fileRef = 0A8521762B8E9A5B002BCE50 /* ProfileBonusesPresenter.swift */; };
		0A8521792B8F512B002BCE50 /* VoidHandler.swift in Sources */ = {isa = PBXBuildFile; fileRef = 0A8521782B8F512B002BCE50 /* VoidHandler.swift */; };
		0A8521802B905A9D002BCE50 /* RecepeCategoryPresenter.swift in Sources */ = {isa = PBXBuildFile; fileRef = 0A85217F2B905A9D002BCE50 /* RecepeCategoryPresenter.swift */; };
		0A8521822B905B1F002BCE50 /* RecepeCategoryView.swift in Sources */ = {isa = PBXBuildFile; fileRef = 0A8521812B905B1F002BCE50 /* RecepeCategoryView.swift */; };
		0A8521852B90BC4A002BCE50 /* SortPickerView.swift in Sources */ = {isa = PBXBuildFile; fileRef = 0A8521842B90BC4A002BCE50 /* SortPickerView.swift */; };
		0A8521872B90DB0F002BCE50 /* SortTypes.swift in Sources */ = {isa = PBXBuildFile; fileRef = 0A8521862B90DB0F002BCE50 /* SortTypes.swift */; };
		0A85218C2B90EF65002BCE50 /* SourceOfRecepies.swift in Sources */ = {isa = PBXBuildFile; fileRef = 0A85218B2B90EF65002BCE50 /* SourceOfRecepies.swift */; };
		0A85218E2B90F222002BCE50 /* RecipeCell.swift in Sources */ = {isa = PBXBuildFile; fileRef = 0A85218D2B90F222002BCE50 /* RecipeCell.swift */; };
		0ADBED692B91E13F009FAA2A /* RecipeDetailView.swift in Sources */ = {isa = PBXBuildFile; fileRef = 0ADBED682B91E13F009FAA2A /* RecipeDetailView.swift */; };
		0ADBED6B2B91E1D6009FAA2A /* RecipeDetailPresenter.swift in Sources */ = {isa = PBXBuildFile; fileRef = 0ADBED6A2B91E1D6009FAA2A /* RecipeDetailPresenter.swift */; };
		0ADBED702B91F590009FAA2A /* FavoriteRecipesStorage.swift in Sources */ = {isa = PBXBuildFile; fileRef = 0ADBED6F2B91F590009FAA2A /* FavoriteRecipesStorage.swift */; };
		0ADBED732B927A4F009FAA2A /* Font+Extension.swift in Sources */ = {isa = PBXBuildFile; fileRef = 0ADBED722B927A4F009FAA2A /* Font+Extension.swift */; };
		4F18D241B0CC07E96EAF7795 /* Pods_Recipely.framework in Frameworks */ = {isa = PBXBuildFile; fileRef = 06F63895588C3476C2BD28E8 /* Pods_Recipely.framework */; };
		52073D8F2B8E066900A1DA9C /* AutorizationValidation.swift in Sources */ = {isa = PBXBuildFile; fileRef = 52073D8E2B8E066900A1DA9C /* AutorizationValidation.swift */; };
		52073D952B8E525800A1DA9C /* ProfileBonusesViewController.swift in Sources */ = {isa = PBXBuildFile; fileRef = 52073D942B8E525800A1DA9C /* ProfileBonusesViewController.swift */; };
		52073D972B9055A900A1DA9C /* InformationSource.swift in Sources */ = {isa = PBXBuildFile; fileRef = 52073D962B9055A900A1DA9C /* InformationSource.swift */; };
		52073D992B905A2300A1DA9C /* RecipesCollectionViewCell.swift in Sources */ = {isa = PBXBuildFile; fileRef = 52073D982B905A2300A1DA9C /* RecipesCollectionViewCell.swift */; };
		52B0A91C2B910208006E01A3 /* RecipeCategories.swift in Sources */ = {isa = PBXBuildFile; fileRef = 52B0A91B2B910208006E01A3 /* RecipeCategories.swift */; };
		52B0A91E2B9107F5006E01A3 /* DishCategory.swift in Sources */ = {isa = PBXBuildFile; fileRef = 52B0A91D2B9107F5006E01A3 /* DishCategory.swift */; };
		52B0A9242B9249F8006E01A3 /* RecipesImageDetailCell.swift in Sources */ = {isa = PBXBuildFile; fileRef = 52B0A9232B9249F8006E01A3 /* RecipesImageDetailCell.swift */; };
		52B0A9262B924A49006E01A3 /* RecipesCharacteristicsDetailsCell.swift in Sources */ = {isa = PBXBuildFile; fileRef = 52B0A9252B924A49006E01A3 /* RecipesCharacteristicsDetailsCell.swift */; };
		52B0A9282B924A71006E01A3 /* RecipesDescriptionDetailsCell.swift in Sources */ = {isa = PBXBuildFile; fileRef = 52B0A9272B924A71006E01A3 /* RecipesDescriptionDetailsCell.swift */; };
		52B0A94D2B9A2784006E01A3 /* LogActions.swift in Sources */ = {isa = PBXBuildFile; fileRef = 52B0A94C2B9A2784006E01A3 /* LogActions.swift */; };
		52B0A94F2B9A287C006E01A3 /* Logger.swift in Sources */ = {isa = PBXBuildFile; fileRef = 52B0A94E2B9A287C006E01A3 /* Logger.swift */; };
		52B0A9512B9A2889006E01A3 /* LogCommand.swift in Sources */ = {isa = PBXBuildFile; fileRef = 52B0A9502B9A2889006E01A3 /* LogCommand.swift */; };
		52B0A9532B9A2899006E01A3 /* LoggerInvoker.swift in Sources */ = {isa = PBXBuildFile; fileRef = 52B0A9522B9A2899006E01A3 /* LoggerInvoker.swift */; };
		52B0A9552B9A5B2C006E01A3 /* LoggerService.swift in Sources */ = {isa = PBXBuildFile; fileRef = 52B0A9542B9A5B2C006E01A3 /* LoggerService.swift */; };
/* End PBXBuildFile section */

/* Begin PBXFileReference section */
		06F63895588C3476C2BD28E8 /* Pods_Recipely.framework */ = {isa = PBXFileReference; explicitFileType = wrapper.framework; includeInIndex = 0; path = Pods_Recipely.framework; sourceTree = BUILT_PRODUCTS_DIR; };
		0A6DEBB62B96021F0062F54C /* SortState.swift */ = {isa = PBXFileReference; lastKnownFileType = sourcecode.swift; path = SortState.swift; sourceTree = "<group>"; };
		0A6DEBB82B963BD20062F54C /* PrivacyView.swift */ = {isa = PBXFileReference; lastKnownFileType = sourcecode.swift; path = PrivacyView.swift; sourceTree = "<group>"; };
		0A6DEBBC2B978B3F0062F54C /* UIView+Extension.swift */ = {isa = PBXFileReference; lastKnownFileType = sourcecode.swift; path = "UIView+Extension.swift"; sourceTree = "<group>"; };
		0A6DEBC02B97D5240062F54C /* ViewState.swift */ = {isa = PBXFileReference; lastKnownFileType = sourcecode.swift; path = ViewState.swift; sourceTree = "<group>"; };
		0A6DEBC22B99AB330062F54C /* Memento.swift */ = {isa = PBXFileReference; lastKnownFileType = sourcecode.swift; path = Memento.swift; sourceTree = "<group>"; };
		0A6DEBC42B99ABD80062F54C /* LoginPassword.swift */ = {isa = PBXFileReference; lastKnownFileType = sourcecode.swift; path = LoginPassword.swift; sourceTree = "<group>"; };
		0A6DEBC62B99ADA80062F54C /* UserDefaultWrapper.swift */ = {isa = PBXFileReference; lastKnownFileType = sourcecode.swift; path = UserDefaultWrapper.swift; sourceTree = "<group>"; };
		0A6DEBC82B9A0B510062F54C /* StorageService.swift */ = {isa = PBXFileReference; lastKnownFileType = sourcecode.swift; path = StorageService.swift; sourceTree = "<group>"; };
		0A6DEBCA2B9A4C570062F54C /* StorageKeys.swift */ = {isa = PBXFileReference; lastKnownFileType = sourcecode.swift; path = StorageKeys.swift; sourceTree = "<group>"; };
		0A6DEBCD2B9A4FE20062F54C /* ImagePicker.swift */ = {isa = PBXFileReference; lastKnownFileType = sourcecode.swift; path = ImagePicker.swift; sourceTree = "<group>"; };
		0A6DEBD82BA092020062F54C /* NetworkService.swift */ = {isa = PBXFileReference; lastKnownFileType = sourcecode.swift; path = NetworkService.swift; sourceTree = "<group>"; };
		0A6DEBDA2BA099160062F54C /* CategoriesDTO.swift */ = {isa = PBXFileReference; lastKnownFileType = sourcecode.swift; path = CategoriesDTO.swift; sourceTree = "<group>"; };
		0A6DEBDC2BA0AF550062F54C /* HitDTO.swift */ = {isa = PBXFileReference; lastKnownFileType = sourcecode.swift; path = HitDTO.swift; sourceTree = "<group>"; };
		0A6DEBDE2BA0AF630062F54C /* RecipeDTO.swift */ = {isa = PBXFileReference; lastKnownFileType = sourcecode.swift; path = RecipeDTO.swift; sourceTree = "<group>"; };
		0A6DEBE12BA0B19D0062F54C /* RecipeCard.swift */ = {isa = PBXFileReference; lastKnownFileType = sourcecode.swift; path = RecipeCard.swift; sourceTree = "<group>"; };
		0A6DEBE42BA0CE600062F54C /* NetworkError.swift */ = {isa = PBXFileReference; lastKnownFileType = sourcecode.swift; path = NetworkError.swift; sourceTree = "<group>"; };
		0A6DEBE82BA0DFCA0062F54C /* ImageDTO.swift */ = {isa = PBXFileReference; lastKnownFileType = sourcecode.swift; path = ImageDTO.swift; sourceTree = "<group>"; };
		0A6DEBEA2BA0E1000062F54C /* RegularImageDTO.swift */ = {isa = PBXFileReference; lastKnownFileType = sourcecode.swift; path = RegularImageDTO.swift; sourceTree = "<group>"; };
		0A6DEBEC2BA0E2590062F54C /* TotalNutrientsDTO.swift */ = {isa = PBXFileReference; lastKnownFileType = sourcecode.swift; path = TotalNutrientsDTO.swift; sourceTree = "<group>"; };
		0A6DEBEE2BA0E3650062F54C /* NutrientDTO.swift */ = {isa = PBXFileReference; lastKnownFileType = sourcecode.swift; path = NutrientDTO.swift; sourceTree = "<group>"; };
		0A6DEBF02BA0E4C30062F54C /* RecipeDetails.swift */ = {isa = PBXFileReference; lastKnownFileType = sourcecode.swift; path = RecipeDetails.swift; sourceTree = "<group>"; };
		0A6FB7BE2BA3444D00601A94 /* CacheProxy.swift */ = {isa = PBXFileReference; lastKnownFileType = sourcecode.swift; path = CacheProxy.swift; sourceTree = "<group>"; };
		0A6FB7C02BA3766300601A94 /* RecipeSkeletonCell.swift */ = {isa = PBXFileReference; lastKnownFileType = sourcecode.swift; path = RecipeSkeletonCell.swift; sourceTree = "<group>"; };
		0A6FB7C22BA37C5400601A94 /* RecipeNoDataCell.swift */ = {isa = PBXFileReference; lastKnownFileType = sourcecode.swift; path = RecipeNoDataCell.swift; sourceTree = "<group>"; };
		0A6FB7C42BA3831C00601A94 /* RecipeErrorCell.swift */ = {isa = PBXFileReference; lastKnownFileType = sourcecode.swift; path = RecipeErrorCell.swift; sourceTree = "<group>"; };
		0A6FB7C62BA38E5B00601A94 /* DetailsSkeletonCell.swift */ = {isa = PBXFileReference; lastKnownFileType = sourcecode.swift; path = DetailsSkeletonCell.swift; sourceTree = "<group>"; };
		0A8521092B8CB1D4002BCE50 /* Recipely.app */ = {isa = PBXFileReference; explicitFileType = wrapper.application; includeInIndex = 0; path = Recipely.app; sourceTree = BUILT_PRODUCTS_DIR; };
		0A85210C2B8CB1D4002BCE50 /* AppDelegate.swift */ = {isa = PBXFileReference; lastKnownFileType = sourcecode.swift; path = AppDelegate.swift; sourceTree = "<group>"; };
		0A85210E2B8CB1D4002BCE50 /* SceneDelegate.swift */ = {isa = PBXFileReference; lastKnownFileType = sourcecode.swift; path = SceneDelegate.swift; sourceTree = "<group>"; };
		0A8521102B8CB1D4002BCE50 /* AutorizationView.swift */ = {isa = PBXFileReference; lastKnownFileType = sourcecode.swift; path = AutorizationView.swift; sourceTree = "<group>"; };
		0A8521152B8CB1D5002BCE50 /* Assets.xcassets */ = {isa = PBXFileReference; lastKnownFileType = folder.assetcatalog; path = Assets.xcassets; sourceTree = "<group>"; };
		0A8521182B8CB1D5002BCE50 /* Base */ = {isa = PBXFileReference; lastKnownFileType = file.storyboard; name = Base; path = Base.lproj/LaunchScreen.storyboard; sourceTree = "<group>"; };
		0A85211A2B8CB1D5002BCE50 /* Info.plist */ = {isa = PBXFileReference; lastKnownFileType = text.plist.xml; path = Info.plist; sourceTree = "<group>"; };
		0A8521412B8CEF0F002BCE50 /* AppCoordinator.swift */ = {isa = PBXFileReference; lastKnownFileType = sourcecode.swift; path = AppCoordinator.swift; sourceTree = "<group>"; };
		0A8521432B8CF005002BCE50 /* AutorizationCoordinator.swift */ = {isa = PBXFileReference; lastKnownFileType = sourcecode.swift; path = AutorizationCoordinator.swift; sourceTree = "<group>"; };
		0A85214B2B8CFF7C002BCE50 /* ModuleBuilder.swift */ = {isa = PBXFileReference; lastKnownFileType = sourcecode.swift; path = ModuleBuilder.swift; sourceTree = "<group>"; };
		0A85214D2B8D002C002BCE50 /* AutorizationPresenter.swift */ = {isa = PBXFileReference; lastKnownFileType = sourcecode.swift; path = AutorizationPresenter.swift; sourceTree = "<group>"; };
		0A8521522B8D26B5002BCE50 /* ProfileViewController.swift */ = {isa = PBXFileReference; lastKnownFileType = sourcecode.swift; path = ProfileViewController.swift; sourceTree = "<group>"; };
		0A8521542B8D271A002BCE50 /* ProfilePresenter.swift */ = {isa = PBXFileReference; lastKnownFileType = sourcecode.swift; path = ProfilePresenter.swift; sourceTree = "<group>"; };
		0A8521562B8DB45E002BCE50 /* BaseCoordinator.swift */ = {isa = PBXFileReference; lastKnownFileType = sourcecode.swift; path = BaseCoordinator.swift; sourceTree = "<group>"; };
		0A8521582B8DB91A002BCE50 /* MainTabBarViewController.swift */ = {isa = PBXFileReference; lastKnownFileType = sourcecode.swift; path = MainTabBarViewController.swift; sourceTree = "<group>"; };
		0A85215B2B8DBA97002BCE50 /* ProfileCoordinator.swift */ = {isa = PBXFileReference; lastKnownFileType = sourcecode.swift; path = ProfileCoordinator.swift; sourceTree = "<group>"; };
		0A85215E2B8DC034002BCE50 /* RecipesViewController.swift */ = {isa = PBXFileReference; lastKnownFileType = sourcecode.swift; path = RecipesViewController.swift; sourceTree = "<group>"; };
		0A8521602B8DC086002BCE50 /* RecipesPresenter.swift */ = {isa = PBXFileReference; lastKnownFileType = sourcecode.swift; path = RecipesPresenter.swift; sourceTree = "<group>"; };
		0A8521622B8DC194002BCE50 /* RecipesCoordinator.swift */ = {isa = PBXFileReference; lastKnownFileType = sourcecode.swift; path = RecipesCoordinator.swift; sourceTree = "<group>"; };
		0A8521652B8DC2F9002BCE50 /* FavoritesPresenter.swift */ = {isa = PBXFileReference; lastKnownFileType = sourcecode.swift; path = FavoritesPresenter.swift; sourceTree = "<group>"; };
		0A8521672B8DC356002BCE50 /* FavoritesViewController.swift */ = {isa = PBXFileReference; lastKnownFileType = sourcecode.swift; path = FavoritesViewController.swift; sourceTree = "<group>"; };
		0A8521692B8DC3E5002BCE50 /* FavoritesCoordinator.swift */ = {isa = PBXFileReference; lastKnownFileType = sourcecode.swift; path = FavoritesCoordinator.swift; sourceTree = "<group>"; };
		0A85216B2B8DF9AD002BCE50 /* UserInfoViewCell.swift */ = {isa = PBXFileReference; lastKnownFileType = sourcecode.swift; path = UserInfoViewCell.swift; sourceTree = "<group>"; };
		0A85216D2B8DFE7D002BCE50 /* UserInfo.swift */ = {isa = PBXFileReference; lastKnownFileType = sourcecode.swift; path = UserInfo.swift; sourceTree = "<group>"; };
		0A8521702B8E0031002BCE50 /* InfoSource.swift */ = {isa = PBXFileReference; lastKnownFileType = sourcecode.swift; path = InfoSource.swift; sourceTree = "<group>"; };
		0A8521722B8E1B7C002BCE50 /* ProfileFieldsViewCell.swift */ = {isa = PBXFileReference; lastKnownFileType = sourcecode.swift; path = ProfileFieldsViewCell.swift; sourceTree = "<group>"; };
		0A8521762B8E9A5B002BCE50 /* ProfileBonusesPresenter.swift */ = {isa = PBXFileReference; lastKnownFileType = sourcecode.swift; path = ProfileBonusesPresenter.swift; sourceTree = "<group>"; };
		0A8521782B8F512B002BCE50 /* VoidHandler.swift */ = {isa = PBXFileReference; lastKnownFileType = sourcecode.swift; path = VoidHandler.swift; sourceTree = "<group>"; };
		0A85217F2B905A9D002BCE50 /* RecepeCategoryPresenter.swift */ = {isa = PBXFileReference; lastKnownFileType = sourcecode.swift; path = RecepeCategoryPresenter.swift; sourceTree = "<group>"; };
		0A8521812B905B1F002BCE50 /* RecepeCategoryView.swift */ = {isa = PBXFileReference; lastKnownFileType = sourcecode.swift; path = RecepeCategoryView.swift; sourceTree = "<group>"; };
		0A8521842B90BC4A002BCE50 /* SortPickerView.swift */ = {isa = PBXFileReference; lastKnownFileType = sourcecode.swift; path = SortPickerView.swift; sourceTree = "<group>"; };
		0A8521862B90DB0F002BCE50 /* SortTypes.swift */ = {isa = PBXFileReference; lastKnownFileType = sourcecode.swift; path = SortTypes.swift; sourceTree = "<group>"; };
		0A85218B2B90EF65002BCE50 /* SourceOfRecepies.swift */ = {isa = PBXFileReference; lastKnownFileType = sourcecode.swift; path = SourceOfRecepies.swift; sourceTree = "<group>"; };
		0A85218D2B90F222002BCE50 /* RecipeCell.swift */ = {isa = PBXFileReference; lastKnownFileType = sourcecode.swift; path = RecipeCell.swift; sourceTree = "<group>"; };
		0ADBED682B91E13F009FAA2A /* RecipeDetailView.swift */ = {isa = PBXFileReference; lastKnownFileType = sourcecode.swift; path = RecipeDetailView.swift; sourceTree = "<group>"; };
		0ADBED6A2B91E1D6009FAA2A /* RecipeDetailPresenter.swift */ = {isa = PBXFileReference; lastKnownFileType = sourcecode.swift; path = RecipeDetailPresenter.swift; sourceTree = "<group>"; };
		0ADBED6F2B91F590009FAA2A /* FavoriteRecipesStorage.swift */ = {isa = PBXFileReference; lastKnownFileType = sourcecode.swift; path = FavoriteRecipesStorage.swift; sourceTree = "<group>"; };
		0ADBED722B927A4F009FAA2A /* Font+Extension.swift */ = {isa = PBXFileReference; lastKnownFileType = sourcecode.swift; path = "Font+Extension.swift"; sourceTree = "<group>"; };
		1DB12E898F054336ED79634D /* Pods-Recipely.release.xcconfig */ = {isa = PBXFileReference; includeInIndex = 1; lastKnownFileType = text.xcconfig; name = "Pods-Recipely.release.xcconfig"; path = "Target Support Files/Pods-Recipely/Pods-Recipely.release.xcconfig"; sourceTree = "<group>"; };
		2A167DB407B58D418EBB3C35 /* Pods-Recipely.debug.xcconfig */ = {isa = PBXFileReference; includeInIndex = 1; lastKnownFileType = text.xcconfig; name = "Pods-Recipely.debug.xcconfig"; path = "Target Support Files/Pods-Recipely/Pods-Recipely.debug.xcconfig"; sourceTree = "<group>"; };
		52073D8E2B8E066900A1DA9C /* AutorizationValidation.swift */ = {isa = PBXFileReference; lastKnownFileType = sourcecode.swift; path = AutorizationValidation.swift; sourceTree = "<group>"; };
		52073D942B8E525800A1DA9C /* ProfileBonusesViewController.swift */ = {isa = PBXFileReference; lastKnownFileType = sourcecode.swift; path = ProfileBonusesViewController.swift; sourceTree = "<group>"; };
		52073D962B9055A900A1DA9C /* InformationSource.swift */ = {isa = PBXFileReference; lastKnownFileType = sourcecode.swift; path = InformationSource.swift; sourceTree = "<group>"; };
		52073D982B905A2300A1DA9C /* RecipesCollectionViewCell.swift */ = {isa = PBXFileReference; lastKnownFileType = sourcecode.swift; path = RecipesCollectionViewCell.swift; sourceTree = "<group>"; };
		52B0A91B2B910208006E01A3 /* RecipeCategories.swift */ = {isa = PBXFileReference; lastKnownFileType = sourcecode.swift; path = RecipeCategories.swift; sourceTree = "<group>"; };
		52B0A91D2B9107F5006E01A3 /* DishCategory.swift */ = {isa = PBXFileReference; lastKnownFileType = sourcecode.swift; path = DishCategory.swift; sourceTree = "<group>"; };
		52B0A9232B9249F8006E01A3 /* RecipesImageDetailCell.swift */ = {isa = PBXFileReference; lastKnownFileType = sourcecode.swift; path = RecipesImageDetailCell.swift; sourceTree = "<group>"; };
		52B0A9252B924A49006E01A3 /* RecipesCharacteristicsDetailsCell.swift */ = {isa = PBXFileReference; lastKnownFileType = sourcecode.swift; path = RecipesCharacteristicsDetailsCell.swift; sourceTree = "<group>"; };
		52B0A9272B924A71006E01A3 /* RecipesDescriptionDetailsCell.swift */ = {isa = PBXFileReference; lastKnownFileType = sourcecode.swift; path = RecipesDescriptionDetailsCell.swift; sourceTree = "<group>"; };
		52B0A94C2B9A2784006E01A3 /* LogActions.swift */ = {isa = PBXFileReference; lastKnownFileType = sourcecode.swift; path = LogActions.swift; sourceTree = "<group>"; };
		52B0A94E2B9A287C006E01A3 /* Logger.swift */ = {isa = PBXFileReference; lastKnownFileType = sourcecode.swift; path = Logger.swift; sourceTree = "<group>"; };
		52B0A9502B9A2889006E01A3 /* LogCommand.swift */ = {isa = PBXFileReference; lastKnownFileType = sourcecode.swift; path = LogCommand.swift; sourceTree = "<group>"; };
		52B0A9522B9A2899006E01A3 /* LoggerInvoker.swift */ = {isa = PBXFileReference; lastKnownFileType = sourcecode.swift; path = LoggerInvoker.swift; sourceTree = "<group>"; };
		52B0A9542B9A5B2C006E01A3 /* LoggerService.swift */ = {isa = PBXFileReference; lastKnownFileType = sourcecode.swift; path = LoggerService.swift; sourceTree = "<group>"; };
/* End PBXFileReference section */

/* Begin PBXFrameworksBuildPhase section */
		0A8521062B8CB1D4002BCE50 /* Frameworks */ = {
			isa = PBXFrameworksBuildPhase;
			buildActionMask = 2147483647;
			files = (
				4F18D241B0CC07E96EAF7795 /* Pods_Recipely.framework in Frameworks */,
			);
			runOnlyForDeploymentPostprocessing = 0;
		};
/* End PBXFrameworksBuildPhase section */

/* Begin PBXGroup section */
		0A6DEBB42B95FC3E0062F54C /* Cells */ = {
			isa = PBXGroup;
			children = (
				52073D982B905A2300A1DA9C /* RecipesCollectionViewCell.swift */,
				0A6FB7C82BA45AE600601A94 /* RecipeCells */,
				0A6FB7C92BA45B0300601A94 /* DetailsCells */,
			);
			path = Cells;
			sourceTree = "<group>";
		};
		0A6DEBCF2B9B1B900062F54C /* Cells */ = {
			isa = PBXGroup;
			children = (
				0A85216B2B8DF9AD002BCE50 /* UserInfoViewCell.swift */,
				0A8521722B8E1B7C002BCE50 /* ProfileFieldsViewCell.swift */,
			);
			path = Cells;
			sourceTree = "<group>";
		};
		0A6DEBD02B9B1BAB0062F54C /* Extensions */ = {
			isa = PBXGroup;
			children = (
				0ADBED722B927A4F009FAA2A /* Font+Extension.swift */,
				0A6DEBBC2B978B3F0062F54C /* UIView+Extension.swift */,
			);
			path = Extensions;
			sourceTree = "<group>";
		};
		0A6DEBD12B9B1BBC0062F54C /* Services */ = {
			isa = PBXGroup;
			children = (
				0A6DEBD22B9B1BD90062F54C /* StorageService */,
				52B0A94B2B9A275E006E01A3 /* LoggerService */,
				0A6DEBD72BA091DA0062F54C /* NetworkService */,
			);
			path = Services;
			sourceTree = "<group>";
		};
		0A6DEBD22B9B1BD90062F54C /* StorageService */ = {
			isa = PBXGroup;
			children = (
				0A6DEBC82B9A0B510062F54C /* StorageService.swift */,
				0A6DEBCA2B9A4C570062F54C /* StorageKeys.swift */,
				0A6DEBC22B99AB330062F54C /* Memento.swift */,
				0A6DEBC62B99ADA80062F54C /* UserDefaultWrapper.swift */,
			);
			path = StorageService;
			sourceTree = "<group>";
		};
		0A6DEBD32B9B1C560062F54C /* CustomClass */ = {
			isa = PBXGroup;
			children = (
				0A8521842B90BC4A002BCE50 /* SortPickerView.swift */,
				0A6DEBCD2B9A4FE20062F54C /* ImagePicker.swift */,
				0A85214B2B8CFF7C002BCE50 /* ModuleBuilder.swift */,
			);
			path = CustomClass;
			sourceTree = "<group>";
		};
		0A6DEBD42B9B1C890062F54C /* Views */ = {
			isa = PBXGroup;
			children = (
				0A8521102B8CB1D4002BCE50 /* AutorizationView.swift */,
			);
			path = Views;
			sourceTree = "<group>";
		};
		0A6DEBD52B9B1C930062F54C /* Presenters */ = {
			isa = PBXGroup;
			children = (
				0A85214D2B8D002C002BCE50 /* AutorizationPresenter.swift */,
			);
			name = Presenters;
			sourceTree = "<group>";
		};
		0A6DEBD62B9B1CA10062F54C /* Models */ = {
			isa = PBXGroup;
			children = (
				52073D8E2B8E066900A1DA9C /* AutorizationValidation.swift */,
				0A6DEBC42B99ABD80062F54C /* LoginPassword.swift */,
			);
			path = Models;
			sourceTree = "<group>";
		};
		0A6DEBD72BA091DA0062F54C /* NetworkService */ = {
			isa = PBXGroup;
			children = (
				0A6DEBD82BA092020062F54C /* NetworkService.swift */,
				0A6FB7BE2BA3444D00601A94 /* CacheProxy.swift */,
				0A6DEBE02BA0AF6F0062F54C /* RecipeDTO */,
				0A6DEBE42BA0CE600062F54C /* NetworkError.swift */,
			);
			path = NetworkService;
			sourceTree = "<group>";
		};
		0A6DEBE02BA0AF6F0062F54C /* RecipeDTO */ = {
			isa = PBXGroup;
			children = (
				0A6DEBDA2BA099160062F54C /* CategoriesDTO.swift */,
				0A6DEBDC2BA0AF550062F54C /* HitDTO.swift */,
				0A6DEBDE2BA0AF630062F54C /* RecipeDTO.swift */,
				0A6DEBEC2BA0E2590062F54C /* TotalNutrientsDTO.swift */,
				0A6DEBE82BA0DFCA0062F54C /* ImageDTO.swift */,
				0A6DEBEA2BA0E1000062F54C /* RegularImageDTO.swift */,
				0A6DEBEE2BA0E3650062F54C /* NutrientDTO.swift */,
			);
			path = RecipeDTO;
			sourceTree = "<group>";
		};
		0A6FB7C82BA45AE600601A94 /* RecipeCells */ = {
			isa = PBXGroup;
			children = (
				0A85218D2B90F222002BCE50 /* RecipeCell.swift */,
				0A6FB7C02BA3766300601A94 /* RecipeSkeletonCell.swift */,
				0A6FB7C22BA37C5400601A94 /* RecipeNoDataCell.swift */,
				0A6FB7C42BA3831C00601A94 /* RecipeErrorCell.swift */,
			);
			path = RecipeCells;
			sourceTree = "<group>";
		};
		0A6FB7C92BA45B0300601A94 /* DetailsCells */ = {
			isa = PBXGroup;
			children = (
				52B0A9232B9249F8006E01A3 /* RecipesImageDetailCell.swift */,
				52B0A9252B924A49006E01A3 /* RecipesCharacteristicsDetailsCell.swift */,
				52B0A9272B924A71006E01A3 /* RecipesDescriptionDetailsCell.swift */,
				0A6FB7C62BA38E5B00601A94 /* DetailsSkeletonCell.swift */,
			);
			path = DetailsCells;
			sourceTree = "<group>";
		};
		0A8521002B8CB1D4002BCE50 = {
			isa = PBXGroup;
			children = (
				0A85210B2B8CB1D4002BCE50 /* Recipely */,
				0A85210A2B8CB1D4002BCE50 /* Products */,
				774ED40921396AC55BA91EF9 /* Pods */,
				0F2F67BC48DE07F056FE8066 /* Frameworks */,
			);
			sourceTree = "<group>";
		};
		0A85210A2B8CB1D4002BCE50 /* Products */ = {
			isa = PBXGroup;
			children = (
				0A8521092B8CB1D4002BCE50 /* Recipely.app */,
			);
			name = Products;
			sourceTree = "<group>";
		};
		0A85210B2B8CB1D4002BCE50 /* Recipely */ = {
			isa = PBXGroup;
			children = (
				0A8521782B8F512B002BCE50 /* VoidHandler.swift */,
				0A85210C2B8CB1D4002BCE50 /* AppDelegate.swift */,
				0A85210E2B8CB1D4002BCE50 /* SceneDelegate.swift */,
				0A6DEBD02B9B1BAB0062F54C /* Extensions */,
				0A6DEBD32B9B1C560062F54C /* CustomClass */,
				0A6DEBD12B9B1BBC0062F54C /* Services */,
				0A8521402B8CEEF5002BCE50 /* Coordinators */,
				0A8521472B8CFB47002BCE50 /* Autorization */,
				0A85215A2B8DB930002BCE50 /* MainTabBar */,
				0A85215D2B8DBFF9002BCE50 /* Recipes */,
				0A8521642B8DC2D3002BCE50 /* Favorites */,
				0A8521512B8D2653002BCE50 /* Profile */,
				0A8521152B8CB1D5002BCE50 /* Assets.xcassets */,
				0A8521172B8CB1D5002BCE50 /* LaunchScreen.storyboard */,
				0A85211A2B8CB1D5002BCE50 /* Info.plist */,
			);
			path = Recipely;
			sourceTree = "<group>";
		};
		0A8521402B8CEEF5002BCE50 /* Coordinators */ = {
			isa = PBXGroup;
			children = (
				0A8521562B8DB45E002BCE50 /* BaseCoordinator.swift */,
				0A8521412B8CEF0F002BCE50 /* AppCoordinator.swift */,
				0A8521432B8CF005002BCE50 /* AutorizationCoordinator.swift */,
				0A8521622B8DC194002BCE50 /* RecipesCoordinator.swift */,
				0A8521692B8DC3E5002BCE50 /* FavoritesCoordinator.swift */,
				0A85215B2B8DBA97002BCE50 /* ProfileCoordinator.swift */,
			);
			path = Coordinators;
			sourceTree = "<group>";
		};
		0A8521472B8CFB47002BCE50 /* Autorization */ = {
			isa = PBXGroup;
			children = (
				0A6DEBD42B9B1C890062F54C /* Views */,
				0A6DEBD52B9B1C930062F54C /* Presenters */,
				0A6DEBD62B9B1CA10062F54C /* Models */,
			);
			path = Autorization;
			sourceTree = "<group>";
		};
		0A8521512B8D2653002BCE50 /* Profile */ = {
			isa = PBXGroup;
			children = (
				0A8521742B8E9A11002BCE50 /* Views */,
				0A8521752B8E9A2C002BCE50 /* Presenters */,
				0A85216F2B8E000A002BCE50 /* Models */,
			);
			path = Profile;
			sourceTree = "<group>";
		};
		0A85215A2B8DB930002BCE50 /* MainTabBar */ = {
			isa = PBXGroup;
			children = (
				0A8521582B8DB91A002BCE50 /* MainTabBarViewController.swift */,
			);
			path = MainTabBar;
			sourceTree = "<group>";
		};
		0A85215D2B8DBFF9002BCE50 /* Recipes */ = {
			isa = PBXGroup;
			children = (
				0ADBED652B913A39009FAA2A /* Views */,
				0ADBED662B913A4E009FAA2A /* Presenters */,
				0ADBED672B913A6A009FAA2A /* Models */,
			);
			path = Recipes;
			sourceTree = "<group>";
		};
		0A8521642B8DC2D3002BCE50 /* Favorites */ = {
			isa = PBXGroup;
			children = (
				0ADBED6C2B91E82E009FAA2A /* Views */,
				0ADBED6D2B91E836009FAA2A /* Presenters */,
				0ADBED6E2B91E842009FAA2A /* Models */,
			);
			path = Favorites;
			sourceTree = "<group>";
		};
		0A85216F2B8E000A002BCE50 /* Models */ = {
			isa = PBXGroup;
			children = (
				0A85216D2B8DFE7D002BCE50 /* UserInfo.swift */,
				0A8521702B8E0031002BCE50 /* InfoSource.swift */,
			);
			path = Models;
			sourceTree = "<group>";
		};
		0A8521742B8E9A11002BCE50 /* Views */ = {
			isa = PBXGroup;
			children = (
				0A8521522B8D26B5002BCE50 /* ProfileViewController.swift */,
				52073D942B8E525800A1DA9C /* ProfileBonusesViewController.swift */,
				0A6DEBB82B963BD20062F54C /* PrivacyView.swift */,
				0A6DEBCF2B9B1B900062F54C /* Cells */,
			);
			path = Views;
			sourceTree = "<group>";
		};
		0A8521752B8E9A2C002BCE50 /* Presenters */ = {
			isa = PBXGroup;
			children = (
				0A8521542B8D271A002BCE50 /* ProfilePresenter.swift */,
				0A8521762B8E9A5B002BCE50 /* ProfileBonusesPresenter.swift */,
			);
			path = Presenters;
			sourceTree = "<group>";
		};
		0ADBED652B913A39009FAA2A /* Views */ = {
			isa = PBXGroup;
			children = (
				0A85215E2B8DC034002BCE50 /* RecipesViewController.swift */,
				0A8521812B905B1F002BCE50 /* RecepeCategoryView.swift */,
				0ADBED682B91E13F009FAA2A /* RecipeDetailView.swift */,
				0A6DEBB42B95FC3E0062F54C /* Cells */,
			);
			path = Views;
			sourceTree = "<group>";
		};
		0ADBED662B913A4E009FAA2A /* Presenters */ = {
			isa = PBXGroup;
			children = (
				0A8521602B8DC086002BCE50 /* RecipesPresenter.swift */,
				0A85217F2B905A9D002BCE50 /* RecepeCategoryPresenter.swift */,
				0ADBED6A2B91E1D6009FAA2A /* RecipeDetailPresenter.swift */,
			);
			path = Presenters;
			sourceTree = "<group>";
		};
		0ADBED672B913A6A009FAA2A /* Models */ = {
			isa = PBXGroup;
			children = (
				0A8521862B90DB0F002BCE50 /* SortTypes.swift */,
				0A6DEBB62B96021F0062F54C /* SortState.swift */,
				0A85218B2B90EF65002BCE50 /* SourceOfRecepies.swift */,
				52073D962B9055A900A1DA9C /* InformationSource.swift */,
				52B0A91D2B9107F5006E01A3 /* DishCategory.swift */,
				52B0A91B2B910208006E01A3 /* RecipeCategories.swift */,
				0A6DEBC02B97D5240062F54C /* ViewState.swift */,
				0A6DEBE12BA0B19D0062F54C /* RecipeCard.swift */,
				0A6DEBF02BA0E4C30062F54C /* RecipeDetails.swift */,
			);
			path = Models;
			sourceTree = "<group>";
		};
		0ADBED6C2B91E82E009FAA2A /* Views */ = {
			isa = PBXGroup;
			children = (
				0A8521672B8DC356002BCE50 /* FavoritesViewController.swift */,
			);
			path = Views;
			sourceTree = "<group>";
		};
		0ADBED6D2B91E836009FAA2A /* Presenters */ = {
			isa = PBXGroup;
			children = (
				0A8521652B8DC2F9002BCE50 /* FavoritesPresenter.swift */,
			);
			path = Presenters;
			sourceTree = "<group>";
		};
		0ADBED6E2B91E842009FAA2A /* Models */ = {
			isa = PBXGroup;
			children = (
				0ADBED6F2B91F590009FAA2A /* FavoriteRecipesStorage.swift */,
			);
			path = Models;
			sourceTree = "<group>";
		};
		0F2F67BC48DE07F056FE8066 /* Frameworks */ = {
			isa = PBXGroup;
			children = (
				06F63895588C3476C2BD28E8 /* Pods_Recipely.framework */,
			);
			name = Frameworks;
			sourceTree = "<group>";
		};
		52B0A94B2B9A275E006E01A3 /* LoggerService */ = {
			isa = PBXGroup;
			children = (
				52B0A9542B9A5B2C006E01A3 /* LoggerService.swift */,
				52B0A94C2B9A2784006E01A3 /* LogActions.swift */,
				52B0A94E2B9A287C006E01A3 /* Logger.swift */,
				52B0A9522B9A2899006E01A3 /* LoggerInvoker.swift */,
				52B0A9502B9A2889006E01A3 /* LogCommand.swift */,
			);
			path = LoggerService;
			sourceTree = "<group>";
		};
		774ED40921396AC55BA91EF9 /* Pods */ = {
			isa = PBXGroup;
			children = (
				2A167DB407B58D418EBB3C35 /* Pods-Recipely.debug.xcconfig */,
				1DB12E898F054336ED79634D /* Pods-Recipely.release.xcconfig */,
			);
			path = Pods;
			sourceTree = "<group>";
		};
/* End PBXGroup section */

/* Begin PBXNativeTarget section */
		0A8521082B8CB1D4002BCE50 /* Recipely */ = {
			isa = PBXNativeTarget;
			buildConfigurationList = 0A8521332B8CB1D6002BCE50 /* Build configuration list for PBXNativeTarget "Recipely" */;
			buildPhases = (
				162E861D826CC47C89C3F7AC /* [CP] Check Pods Manifest.lock */,
				0A85213C2B8CB3D5002BCE50 /* SwiftFormat */,
				0A85213D2B8CB3FE002BCE50 /* SwiftLint */,
				0A8521052B8CB1D4002BCE50 /* Sources */,
				0A8521062B8CB1D4002BCE50 /* Frameworks */,
				0A8521072B8CB1D4002BCE50 /* Resources */,
				41631919A6530ED89D442E9C /* [CP] Embed Pods Frameworks */,
			);
			buildRules = (
			);
			dependencies = (
			);
			name = Recipely;
			productName = Recipely;
			productReference = 0A8521092B8CB1D4002BCE50 /* Recipely.app */;
			productType = "com.apple.product-type.application";
		};
/* End PBXNativeTarget section */

/* Begin PBXProject section */
		0A8521012B8CB1D4002BCE50 /* Project object */ = {
			isa = PBXProject;
			attributes = {
				BuildIndependentTargetsInParallel = 1;
				LastSwiftUpdateCheck = 1520;
				LastUpgradeCheck = 1520;
				TargetAttributes = {
					0A8521082B8CB1D4002BCE50 = {
						CreatedOnToolsVersion = 15.2;
					};
				};
			};
			buildConfigurationList = 0A8521042B8CB1D4002BCE50 /* Build configuration list for PBXProject "Recipely" */;
			compatibilityVersion = "Xcode 14.0";
			developmentRegion = en;
			hasScannedForEncodings = 0;
			knownRegions = (
				en,
				Base,
			);
			mainGroup = 0A8521002B8CB1D4002BCE50;
			productRefGroup = 0A85210A2B8CB1D4002BCE50 /* Products */;
			projectDirPath = "";
			projectRoot = "";
			targets = (
				0A8521082B8CB1D4002BCE50 /* Recipely */,
			);
		};
/* End PBXProject section */

/* Begin PBXResourcesBuildPhase section */
		0A8521072B8CB1D4002BCE50 /* Resources */ = {
			isa = PBXResourcesBuildPhase;
			buildActionMask = 2147483647;
			files = (
				0A8521192B8CB1D5002BCE50 /* LaunchScreen.storyboard in Resources */,
				0A8521162B8CB1D5002BCE50 /* Assets.xcassets in Resources */,
			);
			runOnlyForDeploymentPostprocessing = 0;
		};
/* End PBXResourcesBuildPhase section */

/* Begin PBXShellScriptBuildPhase section */
		0A85213C2B8CB3D5002BCE50 /* SwiftFormat */ = {
			isa = PBXShellScriptBuildPhase;
			alwaysOutOfDate = 1;
			buildActionMask = 2147483647;
			files = (
			);
			inputFileListPaths = (
			);
			inputPaths = (
			);
			name = SwiftFormat;
			outputFileListPaths = (
			);
			outputPaths = (
			);
			runOnlyForDeploymentPostprocessing = 0;
			shellPath = /bin/sh;
			shellScript = "if [[ \"$(uname -m)\" == arm64 ]]; then\n    export PATH=\"/opt/homebrew/bin:$PATH\"\nfi\n\nif which swiftformat > /dev/null; then\n  swiftformat .\nelse\n  echo \"warning: SwiftFormat not installed, download from https://github.com/nicklockwood/SwiftFormat\"\nfi\n";
			showEnvVarsInLog = 0;
		};
		0A85213D2B8CB3FE002BCE50 /* SwiftLint */ = {
			isa = PBXShellScriptBuildPhase;
			alwaysOutOfDate = 1;
			buildActionMask = 2147483647;
			files = (
			);
			inputFileListPaths = (
			);
			inputPaths = (
			);
			name = SwiftLint;
			outputFileListPaths = (
			);
			outputPaths = (
			);
			runOnlyForDeploymentPostprocessing = 0;
			shellPath = /bin/sh;
			shellScript = "if [[ \"$(uname -m)\" == arm64 ]]; then\n    export PATH=\"/opt/homebrew/bin:$PATH\"\nfi\n\nif which swiftlint > /dev/null; then\n  swiftlint\nelse\n  echo \"warning: SwiftLint not installed, download from https://github.com/realm/SwiftLint\"\nfi\n";
			showEnvVarsInLog = 0;
		};
		162E861D826CC47C89C3F7AC /* [CP] Check Pods Manifest.lock */ = {
			isa = PBXShellScriptBuildPhase;
			buildActionMask = 2147483647;
			files = (
			);
			inputFileListPaths = (
			);
			inputPaths = (
				"${PODS_PODFILE_DIR_PATH}/Podfile.lock",
				"${PODS_ROOT}/Manifest.lock",
			);
			name = "[CP] Check Pods Manifest.lock";
			outputFileListPaths = (
			);
			outputPaths = (
				"$(DERIVED_FILE_DIR)/Pods-Recipely-checkManifestLockResult.txt",
			);
			runOnlyForDeploymentPostprocessing = 0;
			shellPath = /bin/sh;
			shellScript = "diff \"${PODS_PODFILE_DIR_PATH}/Podfile.lock\" \"${PODS_ROOT}/Manifest.lock\" > /dev/null\nif [ $? != 0 ] ; then\n    # print error to STDERR\n    echo \"error: The sandbox is not in sync with the Podfile.lock. Run 'pod install' or update your CocoaPods installation.\" >&2\n    exit 1\nfi\n# This output is used by Xcode 'outputs' to avoid re-running this script phase.\necho \"SUCCESS\" > \"${SCRIPT_OUTPUT_FILE_0}\"\n";
			showEnvVarsInLog = 0;
		};
		41631919A6530ED89D442E9C /* [CP] Embed Pods Frameworks */ = {
			isa = PBXShellScriptBuildPhase;
			buildActionMask = 2147483647;
			files = (
			);
			inputFileListPaths = (
				"${PODS_ROOT}/Target Support Files/Pods-Recipely/Pods-Recipely-frameworks-${CONFIGURATION}-input-files.xcfilelist",
			);
			name = "[CP] Embed Pods Frameworks";
			outputFileListPaths = (
				"${PODS_ROOT}/Target Support Files/Pods-Recipely/Pods-Recipely-frameworks-${CONFIGURATION}-output-files.xcfilelist",
			);
			runOnlyForDeploymentPostprocessing = 0;
			shellPath = /bin/sh;
			shellScript = "\"${PODS_ROOT}/Target Support Files/Pods-Recipely/Pods-Recipely-frameworks.sh\"\n";
			showEnvVarsInLog = 0;
		};
/* End PBXShellScriptBuildPhase section */

/* Begin PBXSourcesBuildPhase section */
		0A8521052B8CB1D4002BCE50 /* Sources */ = {
			isa = PBXSourcesBuildPhase;
			buildActionMask = 2147483647;
			files = (
				0A6DEBEB2BA0E1000062F54C /* RegularImageDTO.swift in Sources */,
				0A6DEBDF2BA0AF630062F54C /* RecipeDTO.swift in Sources */,
				0A8521872B90DB0F002BCE50 /* SortTypes.swift in Sources */,
				0A85214E2B8D002C002BCE50 /* AutorizationPresenter.swift in Sources */,
				0ADBED732B927A4F009FAA2A /* Font+Extension.swift in Sources */,
				0A6DEBCE2B9A4FE20062F54C /* ImagePicker.swift in Sources */,
				52B0A91E2B9107F5006E01A3 /* DishCategory.swift in Sources */,
				0A6DEBC32B99AB330062F54C /* Memento.swift in Sources */,
				0A8521442B8CF005002BCE50 /* AutorizationCoordinator.swift in Sources */,
				0A8521732B8E1B7C002BCE50 /* ProfileFieldsViewCell.swift in Sources */,
				0A8521632B8DC194002BCE50 /* RecipesCoordinator.swift in Sources */,
				0A8521112B8CB1D4002BCE50 /* AutorizationView.swift in Sources */,
				0A6DEBD92BA092020062F54C /* NetworkService.swift in Sources */,
				0A8521532B8D26B5002BCE50 /* ProfileViewController.swift in Sources */,
				0A85214C2B8CFF7C002BCE50 /* ModuleBuilder.swift in Sources */,
				0A8521572B8DB45E002BCE50 /* BaseCoordinator.swift in Sources */,
				0A6DEBB92B963BD20062F54C /* PrivacyView.swift in Sources */,
				0A85216C2B8DF9AD002BCE50 /* UserInfoViewCell.swift in Sources */,
				0A85216E2B8DFE7D002BCE50 /* UserInfo.swift in Sources */,
				0A6FB7BF2BA3444D00601A94 /* CacheProxy.swift in Sources */,
				0A8521802B905A9D002BCE50 /* RecepeCategoryPresenter.swift in Sources */,
				0A85210D2B8CB1D4002BCE50 /* AppDelegate.swift in Sources */,
				0A6DEBB72B96021F0062F54C /* SortState.swift in Sources */,
				52B0A9512B9A2889006E01A3 /* LogCommand.swift in Sources */,
				0A6DEBC52B99ABD80062F54C /* LoginPassword.swift in Sources */,
				52B0A9262B924A49006E01A3 /* RecipesCharacteristicsDetailsCell.swift in Sources */,
				0A8521822B905B1F002BCE50 /* RecepeCategoryView.swift in Sources */,
				0A85218C2B90EF65002BCE50 /* SourceOfRecepies.swift in Sources */,
				0A6FB7C52BA3831C00601A94 /* RecipeErrorCell.swift in Sources */,
				0A6FB7C72BA38E5B00601A94 /* DetailsSkeletonCell.swift in Sources */,
				0A8521682B8DC356002BCE50 /* FavoritesViewController.swift in Sources */,
				0ADBED692B91E13F009FAA2A /* RecipeDetailView.swift in Sources */,
				52B0A94F2B9A287C006E01A3 /* Logger.swift in Sources */,
				0A8521772B8E9A5B002BCE50 /* ProfileBonusesPresenter.swift in Sources */,
				0A85215F2B8DC034002BCE50 /* RecipesViewController.swift in Sources */,
				0A85215C2B8DBA97002BCE50 /* ProfileCoordinator.swift in Sources */,
				0A8521422B8CEF0F002BCE50 /* AppCoordinator.swift in Sources */,
				0A85218E2B90F222002BCE50 /* RecipeCell.swift in Sources */,
				0ADBED702B91F590009FAA2A /* FavoriteRecipesStorage.swift in Sources */,
				0A6DEBE92BA0DFCA0062F54C /* ImageDTO.swift in Sources */,
				0A6DEBBD2B978B3F0062F54C /* UIView+Extension.swift in Sources */,
				0A6DEBC72B99ADA80062F54C /* UserDefaultWrapper.swift in Sources */,
				0A8521592B8DB91A002BCE50 /* MainTabBarViewController.swift in Sources */,
				0A6DEBC12B97D5240062F54C /* ViewState.swift in Sources */,
				52073D952B8E525800A1DA9C /* ProfileBonusesViewController.swift in Sources */,
				0A8521792B8F512B002BCE50 /* VoidHandler.swift in Sources */,
				52B0A9282B924A71006E01A3 /* RecipesDescriptionDetailsCell.swift in Sources */,
				0A6DEBDD2BA0AF550062F54C /* HitDTO.swift in Sources */,
				0A8521712B8E0031002BCE50 /* InfoSource.swift in Sources */,
				0A6DEBCB2B9A4C570062F54C /* StorageKeys.swift in Sources */,
				52B0A91C2B910208006E01A3 /* RecipeCategories.swift in Sources */,
				0A6DEBDB2BA099160062F54C /* CategoriesDTO.swift in Sources */,
				52073D8F2B8E066900A1DA9C /* AutorizationValidation.swift in Sources */,
				0A8521612B8DC086002BCE50 /* RecipesPresenter.swift in Sources */,
				0A6DEBED2BA0E2590062F54C /* TotalNutrientsDTO.swift in Sources */,
				0A85210F2B8CB1D4002BCE50 /* SceneDelegate.swift in Sources */,
				0A8521852B90BC4A002BCE50 /* SortPickerView.swift in Sources */,
				52B0A9532B9A2899006E01A3 /* LoggerInvoker.swift in Sources */,
				0A6FB7C32BA37C5400601A94 /* RecipeNoDataCell.swift in Sources */,
				52B0A9242B9249F8006E01A3 /* RecipesImageDetailCell.swift in Sources */,
				0A8521662B8DC2F9002BCE50 /* FavoritesPresenter.swift in Sources */,
				52073D992B905A2300A1DA9C /* RecipesCollectionViewCell.swift in Sources */,
				0A6DEBE52BA0CE600062F54C /* NetworkError.swift in Sources */,
				0A85216A2B8DC3E5002BCE50 /* FavoritesCoordinator.swift in Sources */,
				0A6DEBC92B9A0B510062F54C /* StorageService.swift in Sources */,
				52073D972B9055A900A1DA9C /* InformationSource.swift in Sources */,
				0A8521552B8D271A002BCE50 /* ProfilePresenter.swift in Sources */,
				52B0A9552B9A5B2C006E01A3 /* LoggerService.swift in Sources */,
				0A6DEBE22BA0B19D0062F54C /* RecipeCard.swift in Sources */,
				52B0A94D2B9A2784006E01A3 /* LogActions.swift in Sources */,
				0A6FB7C12BA3766300601A94 /* RecipeSkeletonCell.swift in Sources */,
				0ADBED6B2B91E1D6009FAA2A /* RecipeDetailPresenter.swift in Sources */,
				0A6DEBF12BA0E4C30062F54C /* RecipeDetails.swift in Sources */,
				0A6DEBEF2BA0E3650062F54C /* NutrientDTO.swift in Sources */,
			);
			runOnlyForDeploymentPostprocessing = 0;
		};
/* End PBXSourcesBuildPhase section */

/* Begin PBXVariantGroup section */
		0A8521172B8CB1D5002BCE50 /* LaunchScreen.storyboard */ = {
			isa = PBXVariantGroup;
			children = (
				0A8521182B8CB1D5002BCE50 /* Base */,
			);
			name = LaunchScreen.storyboard;
			sourceTree = "<group>";
		};
/* End PBXVariantGroup section */

/* Begin XCBuildConfiguration section */
		0A8521312B8CB1D6002BCE50 /* Debug */ = {
			isa = XCBuildConfiguration;
			buildSettings = {
				ALWAYS_SEARCH_USER_PATHS = NO;
				ASSETCATALOG_COMPILER_GENERATE_SWIFT_ASSET_SYMBOL_EXTENSIONS = YES;
				CLANG_ANALYZER_NONNULL = YES;
				CLANG_ANALYZER_NUMBER_OBJECT_CONVERSION = YES_AGGRESSIVE;
				CLANG_CXX_LANGUAGE_STANDARD = "gnu++20";
				CLANG_ENABLE_MODULES = YES;
				CLANG_ENABLE_OBJC_ARC = YES;
				CLANG_ENABLE_OBJC_WEAK = YES;
				CLANG_WARN_BLOCK_CAPTURE_AUTORELEASING = YES;
				CLANG_WARN_BOOL_CONVERSION = YES;
				CLANG_WARN_COMMA = YES;
				CLANG_WARN_CONSTANT_CONVERSION = YES;
				CLANG_WARN_DEPRECATED_OBJC_IMPLEMENTATIONS = YES;
				CLANG_WARN_DIRECT_OBJC_ISA_USAGE = YES_ERROR;
				CLANG_WARN_DOCUMENTATION_COMMENTS = YES;
				CLANG_WARN_EMPTY_BODY = YES;
				CLANG_WARN_ENUM_CONVERSION = YES;
				CLANG_WARN_INFINITE_RECURSION = YES;
				CLANG_WARN_INT_CONVERSION = YES;
				CLANG_WARN_NON_LITERAL_NULL_CONVERSION = YES;
				CLANG_WARN_OBJC_IMPLICIT_RETAIN_SELF = YES;
				CLANG_WARN_OBJC_LITERAL_CONVERSION = YES;
				CLANG_WARN_OBJC_ROOT_CLASS = YES_ERROR;
				CLANG_WARN_QUOTED_INCLUDE_IN_FRAMEWORK_HEADER = YES;
				CLANG_WARN_RANGE_LOOP_ANALYSIS = YES;
				CLANG_WARN_STRICT_PROTOTYPES = YES;
				CLANG_WARN_SUSPICIOUS_MOVE = YES;
				CLANG_WARN_UNGUARDED_AVAILABILITY = YES_AGGRESSIVE;
				CLANG_WARN_UNREACHABLE_CODE = YES;
				CLANG_WARN__DUPLICATE_METHOD_MATCH = YES;
				COPY_PHASE_STRIP = NO;
				DEBUG_INFORMATION_FORMAT = dwarf;
				ENABLE_STRICT_OBJC_MSGSEND = YES;
				ENABLE_TESTABILITY = YES;
				ENABLE_USER_SCRIPT_SANDBOXING = YES;
				GCC_C_LANGUAGE_STANDARD = gnu17;
				GCC_DYNAMIC_NO_PIC = NO;
				GCC_NO_COMMON_BLOCKS = YES;
				GCC_OPTIMIZATION_LEVEL = 0;
				GCC_PREPROCESSOR_DEFINITIONS = (
					"DEBUG=1",
					"$(inherited)",
				);
				GCC_WARN_64_TO_32_BIT_CONVERSION = YES;
				GCC_WARN_ABOUT_RETURN_TYPE = YES_ERROR;
				GCC_WARN_UNDECLARED_SELECTOR = YES;
				GCC_WARN_UNINITIALIZED_AUTOS = YES_AGGRESSIVE;
				GCC_WARN_UNUSED_FUNCTION = YES;
				GCC_WARN_UNUSED_VARIABLE = YES;
				IPHONEOS_DEPLOYMENT_TARGET = 17.2;
				LOCALIZATION_PREFERS_STRING_CATALOGS = YES;
				MTL_ENABLE_DEBUG_INFO = INCLUDE_SOURCE;
				MTL_FAST_MATH = YES;
				ONLY_ACTIVE_ARCH = YES;
				SDKROOT = iphoneos;
				SWIFT_ACTIVE_COMPILATION_CONDITIONS = "DEBUG $(inherited)";
				SWIFT_OPTIMIZATION_LEVEL = "-Onone";
			};
			name = Debug;
		};
		0A8521322B8CB1D6002BCE50 /* Release */ = {
			isa = XCBuildConfiguration;
			buildSettings = {
				ALWAYS_SEARCH_USER_PATHS = NO;
				ASSETCATALOG_COMPILER_GENERATE_SWIFT_ASSET_SYMBOL_EXTENSIONS = YES;
				CLANG_ANALYZER_NONNULL = YES;
				CLANG_ANALYZER_NUMBER_OBJECT_CONVERSION = YES_AGGRESSIVE;
				CLANG_CXX_LANGUAGE_STANDARD = "gnu++20";
				CLANG_ENABLE_MODULES = YES;
				CLANG_ENABLE_OBJC_ARC = YES;
				CLANG_ENABLE_OBJC_WEAK = YES;
				CLANG_WARN_BLOCK_CAPTURE_AUTORELEASING = YES;
				CLANG_WARN_BOOL_CONVERSION = YES;
				CLANG_WARN_COMMA = YES;
				CLANG_WARN_CONSTANT_CONVERSION = YES;
				CLANG_WARN_DEPRECATED_OBJC_IMPLEMENTATIONS = YES;
				CLANG_WARN_DIRECT_OBJC_ISA_USAGE = YES_ERROR;
				CLANG_WARN_DOCUMENTATION_COMMENTS = YES;
				CLANG_WARN_EMPTY_BODY = YES;
				CLANG_WARN_ENUM_CONVERSION = YES;
				CLANG_WARN_INFINITE_RECURSION = YES;
				CLANG_WARN_INT_CONVERSION = YES;
				CLANG_WARN_NON_LITERAL_NULL_CONVERSION = YES;
				CLANG_WARN_OBJC_IMPLICIT_RETAIN_SELF = YES;
				CLANG_WARN_OBJC_LITERAL_CONVERSION = YES;
				CLANG_WARN_OBJC_ROOT_CLASS = YES_ERROR;
				CLANG_WARN_QUOTED_INCLUDE_IN_FRAMEWORK_HEADER = YES;
				CLANG_WARN_RANGE_LOOP_ANALYSIS = YES;
				CLANG_WARN_STRICT_PROTOTYPES = YES;
				CLANG_WARN_SUSPICIOUS_MOVE = YES;
				CLANG_WARN_UNGUARDED_AVAILABILITY = YES_AGGRESSIVE;
				CLANG_WARN_UNREACHABLE_CODE = YES;
				CLANG_WARN__DUPLICATE_METHOD_MATCH = YES;
				COPY_PHASE_STRIP = NO;
				DEBUG_INFORMATION_FORMAT = "dwarf-with-dsym";
				ENABLE_NS_ASSERTIONS = NO;
				ENABLE_STRICT_OBJC_MSGSEND = YES;
				ENABLE_USER_SCRIPT_SANDBOXING = YES;
				GCC_C_LANGUAGE_STANDARD = gnu17;
				GCC_NO_COMMON_BLOCKS = YES;
				GCC_WARN_64_TO_32_BIT_CONVERSION = YES;
				GCC_WARN_ABOUT_RETURN_TYPE = YES_ERROR;
				GCC_WARN_UNDECLARED_SELECTOR = YES;
				GCC_WARN_UNINITIALIZED_AUTOS = YES_AGGRESSIVE;
				GCC_WARN_UNUSED_FUNCTION = YES;
				GCC_WARN_UNUSED_VARIABLE = YES;
				IPHONEOS_DEPLOYMENT_TARGET = 17.2;
				LOCALIZATION_PREFERS_STRING_CATALOGS = YES;
				MTL_ENABLE_DEBUG_INFO = NO;
				MTL_FAST_MATH = YES;
				SDKROOT = iphoneos;
				SWIFT_COMPILATION_MODE = wholemodule;
				VALIDATE_PRODUCT = YES;
			};
			name = Release;
		};
		0A8521342B8CB1D6002BCE50 /* Debug */ = {
			isa = XCBuildConfiguration;
			baseConfigurationReference = 2A167DB407B58D418EBB3C35 /* Pods-Recipely.debug.xcconfig */;
			buildSettings = {
				ASSETCATALOG_COMPILER_APPICON_NAME = AppIcon;
				ASSETCATALOG_COMPILER_GLOBAL_ACCENT_COLOR_NAME = AccentColor;
				CODE_SIGN_STYLE = Automatic;
				CURRENT_PROJECT_VERSION = 1;
				ENABLE_USER_SCRIPT_SANDBOXING = NO;
				GENERATE_INFOPLIST_FILE = YES;
				INFOPLIST_FILE = Recipely/Info.plist;
				INFOPLIST_KEY_UIApplicationSupportsIndirectInputEvents = YES;
				INFOPLIST_KEY_UILaunchStoryboardName = LaunchScreen;
				INFOPLIST_KEY_UISupportedInterfaceOrientations_iPad = "UIInterfaceOrientationPortrait UIInterfaceOrientationPortraitUpsideDown UIInterfaceOrientationLandscapeLeft UIInterfaceOrientationLandscapeRight";
				INFOPLIST_KEY_UISupportedInterfaceOrientations_iPhone = "UIInterfaceOrientationPortrait UIInterfaceOrientationLandscapeLeft UIInterfaceOrientationLandscapeRight";
				LD_RUNPATH_SEARCH_PATHS = (
					"$(inherited)",
					"@executable_path/Frameworks",
				);
				MARKETING_VERSION = 1.0;
				PRODUCT_BUNDLE_IDENTIFIER = NairoNFeeD.Recipely;
				PRODUCT_NAME = "$(TARGET_NAME)";
				SWIFT_EMIT_LOC_STRINGS = YES;
				SWIFT_VERSION = 5.0;
				TARGETED_DEVICE_FAMILY = "1,2";
			};
			name = Debug;
		};
		0A8521352B8CB1D6002BCE50 /* Release */ = {
			isa = XCBuildConfiguration;
			baseConfigurationReference = 1DB12E898F054336ED79634D /* Pods-Recipely.release.xcconfig */;
			buildSettings = {
				ASSETCATALOG_COMPILER_APPICON_NAME = AppIcon;
				ASSETCATALOG_COMPILER_GLOBAL_ACCENT_COLOR_NAME = AccentColor;
				CODE_SIGN_STYLE = Automatic;
				CURRENT_PROJECT_VERSION = 1;
				ENABLE_USER_SCRIPT_SANDBOXING = NO;
				GENERATE_INFOPLIST_FILE = YES;
				INFOPLIST_FILE = Recipely/Info.plist;
				INFOPLIST_KEY_UIApplicationSupportsIndirectInputEvents = YES;
				INFOPLIST_KEY_UILaunchStoryboardName = LaunchScreen;
				INFOPLIST_KEY_UISupportedInterfaceOrientations_iPad = "UIInterfaceOrientationPortrait UIInterfaceOrientationPortraitUpsideDown UIInterfaceOrientationLandscapeLeft UIInterfaceOrientationLandscapeRight";
				INFOPLIST_KEY_UISupportedInterfaceOrientations_iPhone = "UIInterfaceOrientationPortrait UIInterfaceOrientationLandscapeLeft UIInterfaceOrientationLandscapeRight";
				LD_RUNPATH_SEARCH_PATHS = (
					"$(inherited)",
					"@executable_path/Frameworks",
				);
				MARKETING_VERSION = 1.0;
				PRODUCT_BUNDLE_IDENTIFIER = NairoNFeeD.Recipely;
				PRODUCT_NAME = "$(TARGET_NAME)";
				SWIFT_EMIT_LOC_STRINGS = YES;
				SWIFT_VERSION = 5.0;
				TARGETED_DEVICE_FAMILY = "1,2";
			};
			name = Release;
		};
/* End XCBuildConfiguration section */

/* Begin XCConfigurationList section */
		0A8521042B8CB1D4002BCE50 /* Build configuration list for PBXProject "Recipely" */ = {
			isa = XCConfigurationList;
			buildConfigurations = (
				0A8521312B8CB1D6002BCE50 /* Debug */,
				0A8521322B8CB1D6002BCE50 /* Release */,
			);
			defaultConfigurationIsVisible = 0;
			defaultConfigurationName = Release;
		};
		0A8521332B8CB1D6002BCE50 /* Build configuration list for PBXNativeTarget "Recipely" */ = {
			isa = XCConfigurationList;
			buildConfigurations = (
				0A8521342B8CB1D6002BCE50 /* Debug */,
				0A8521352B8CB1D6002BCE50 /* Release */,
			);
			defaultConfigurationIsVisible = 0;
			defaultConfigurationName = Release;
		};
/* End XCConfigurationList section */
	};
	rootObject = 0A8521012B8CB1D4002BCE50 /* Project object */;
}
